
Microsoft Visual Studio Solution File, Format Version 12.00
# Visual Studio 15
VisualStudioVersion = 15.0.26730.12
MinimumVisualStudioVersion = 10.0.40219.1
Project("{2150E333-8FDC-42A3-9474-1A3956D46DE8}") = "Samples", "Samples", "{B74E7466-5EBB-4FB1-9AF0-B0C57C139612}"
EndProject
Project("{FAE04EC0-301F-11D3-BF4B-00C04F79EFBC}") = "SearchAddressMap", "Samples\SearchAddressMap\SearchAddressMap.csproj", "{D98DFE5A-BB2C-4439-A0F6-B4E64987DDDE}"
EndProject
Project("{9A19103F-16F7-4668-BE54-9A1E7A4F7556}") = "Google.Maps", "Google.Maps\Google.Maps.csproj", "{44C0377C-9B5C-4B25-9735-FECF5D165C1D}"
EndProject
Project("{9A19103F-16F7-4668-BE54-9A1E7A4F7556}") = "Google.Maps.Test", "Google.Maps.Test\Google.Maps.Test.csproj", "{C2E1656D-A708-4240-8E67-EA97BAD208F4}"
EndProject
Project("{FAE04EC0-301F-11D3-BF4B-00C04F79EFBC}") = "ConsoleApp1", "ConsoleApp1\ConsoleApp1.csproj", "{81703210-2D39-4A33-8F6B-7E1689F65B9E}"
EndProject
Project("{2150E333-8FDC-42A3-9474-1A3956D46DE8}") = "Tests", "Tests", "{9C1B8BBB-362C-4D4B-8D94-FBA657706AE6}"
EndProject
Global
	GlobalSection(SolutionConfigurationPlatforms) = preSolution
		Debug|Any CPU = Debug|Any CPU
		Release|Any CPU = Release|Any CPU
	EndGlobalSection
	GlobalSection(ProjectConfigurationPlatforms) = postSolution
		{D98DFE5A-BB2C-4439-A0F6-B4E64987DDDE}.Debug|Any CPU.ActiveCfg = Debug|Any CPU
		{D98DFE5A-BB2C-4439-A0F6-B4E64987DDDE}.Debug|Any CPU.Build.0 = Debug|Any CPU
		{D98DFE5A-BB2C-4439-A0F6-B4E64987DDDE}.Release|Any CPU.ActiveCfg = Release|Any CPU
		{44C0377C-9B5C-4B25-9735-FECF5D165C1D}.Debug|Any CPU.ActiveCfg = Debug|Any CPU
		{44C0377C-9B5C-4B25-9735-FECF5D165C1D}.Debug|Any CPU.Build.0 = Debug|Any CPU
		{44C0377C-9B5C-4B25-9735-FECF5D165C1D}.Release|Any CPU.ActiveCfg = Release|Any CPU
		{44C0377C-9B5C-4B25-9735-FECF5D165C1D}.Release|Any CPU.Build.0 = Release|Any CPU
		{C2E1656D-A708-4240-8E67-EA97BAD208F4}.Debug|Any CPU.ActiveCfg = Debug|Any CPU
		{C2E1656D-A708-4240-8E67-EA97BAD208F4}.Debug|Any CPU.Build.0 = Debug|Any CPU
		{C2E1656D-A708-4240-8E67-EA97BAD208F4}.Release|Any CPU.ActiveCfg = Release|Any CPU
		{C2E1656D-A708-4240-8E67-EA97BAD208F4}.Release|Any CPU.Build.0 = Release|Any CPU
		{81703210-2D39-4A33-8F6B-7E1689F65B9E}.Debug|Any CPU.ActiveCfg = Debug|Any CPU
		{81703210-2D39-4A33-8F6B-7E1689F65B9E}.Debug|Any CPU.Build.0 = Debug|Any CPU
		{81703210-2D39-4A33-8F6B-7E1689F65B9E}.Release|Any CPU.ActiveCfg = Release|Any CPU
		{81703210-2D39-4A33-8F6B-7E1689F65B9E}.Release|Any CPU.Build.0 = Release|Any CPU
	EndGlobalSection
	GlobalSection(SolutionProperties) = preSolution
		HideSolutionNode = FALSE
	EndGlobalSection
	GlobalSection(NestedProjects) = preSolution
		{D98DFE5A-BB2C-4439-A0F6-B4E64987DDDE} = {B74E7466-5EBB-4FB1-9AF0-B0C57C139612}
		{C2E1656D-A708-4240-8E67-EA97BAD208F4} = {9C1B8BBB-362C-4D4B-8D94-FBA657706AE6}
		{81703210-2D39-4A33-8F6B-7E1689F65B9E} = {B74E7466-5EBB-4FB1-9AF0-B0C57C139612}
	EndGlobalSection
	GlobalSection(ExtensibilityGlobals) = postSolution
		SolutionGuid = {2C033920-B14E-4E99-BE83-45EC87FEA965}
	EndGlobalSection
EndGlobal
